{
  "name": "challenge-3",
  "version": "1.0.0",
  "lockfileVersion": 3,
  "requires": true,
  "packages": {
    "": {
      "name": "challenge-3",
      "version": "1.0.0",
      "license": "ISC",
      "dependencies": {
        "javascript-astar": "^0.4.1",
        "ngraph.graph": "^20.1.0",
        "ngraph.path": "^1.5.0",
        "pathfinding": "^0.4.18"
      }
    },
    "node_modules/heap": {
      "version": "0.2.5",
      "resolved": "https://registry.npmjs.org/heap/-/heap-0.2.5.tgz",
      "integrity": "sha512-G7HLD+WKcrOyJP5VQwYZNC3Z6FcQ7YYjEFiFoIj8PfEr73mu421o8B1N5DKUcc8K37EsJ2XXWA8DtrDz/2dReg=="
    },
    "node_modules/javascript-astar": {
      "version": "0.4.1",
      "resolved": "https://registry.npmjs.org/javascript-astar/-/javascript-astar-0.4.1.tgz",
      "integrity": "sha512-/SlmWkL/Ww0tu737MLvKMe2LC4sr081bL4YOgwgugFbKUjxTuQ6WLzGkibCo4buubWo0yT52bbHZlhwcwAYCzQ==",
      "license": "MIT"
    },
    "node_modules/ngraph.events": {
      "version": "1.4.0",
      "resolved": "https://registry.npmjs.org/ngraph.events/-/ngraph.events-1.4.0.tgz",
      "integrity": "sha512-NeDGI4DSyjBNBRtA86222JoYietsmCXbs8CEB0dZ51Xeh4lhVl1y3wpWLumczvnha8sFQIW4E0vvVWwgmX2mGw==",
      "license": "BSD-3-Clause"
    },
    "node_modules/ngraph.graph": {
      "version": "20.1.0",
      "resolved": "https://registry.npmjs.org/ngraph.graph/-/ngraph.graph-20.1.0.tgz",
      "integrity": "sha512-1jorNgIc0Kg0L9bTNN4+RCrVvbZ+4pqGVMrbhX3LLyqYcRdLvAQRRnxddmfj9l5f6Eq59SUTfbYZEm8cktiE7Q==",
      "license": "BSD-3-Clause",
      "dependencies": {
        "ngraph.events": "^1.2.1"
      }
    },
    "node_modules/ngraph.path": {
      "version": "1.5.0",
      "resolved": "https://registry.npmjs.org/ngraph.path/-/ngraph.path-1.5.0.tgz",
      "integrity": "sha512-2IdmqfBYq2zbGHtpmskdWF6x/nIWZkhfs1taMgg2waBJRn4xNqe7gBiRtD1YS5ZcKhp0trK+Gw94Rli2emMs1Q==",
      "license": "MIT"
    },
    "node_modules/pathfinding": {
      "version": "0.4.18",
      "resolved": "https://registry.npmjs.org/pathfinding/-/pathfinding-0.4.18.tgz",
      "integrity": "sha512-R0TGEQ9GRcFCDvAWlJAWC+KGJ9SLbW4c0nuZRcioVlXVTlw+F5RvXQ8SQgSqI9KXWC1ew95vgmIiyaWTlCe9Ag==",
      "dependencies": {
        "heap": "0.2.5"
      }
    }
  }
}
